
Microsoft Visual Studio Solution File, Format Version 12.00
# Visual Studio Version 17
VisualStudioVersion = 17.4.33205.214
MinimumVisualStudioVersion = 10.0.40219.1
Project("{888888A0-9F3D-457C-B088-3A5042F75D52}") = "Tuples-in-Python", "Tuples-in-Python\Tuples-in-Python.pyproj", "{B4898467-AC1A-48A8-91C9-3A130CA04F1B}"
EndProject
Global
	GlobalSection(SolutionConfigurationPlatforms) = preSolution
		Debug|Any CPU = Debug|Any CPU
		Release|Any CPU = Release|Any CPU
	EndGlobalSection
	GlobalSection(ProjectConfigurationPlatforms) = postSolution
		{B4898467-AC1A-48A8-91C9-3A130CA04F1B}.Debug|Any CPU.ActiveCfg = Debug|Any CPU
		{B4898467-AC1A-48A8-91C9-3A130CA04F1B}.Release|Any CPU.ActiveCfg = Release|Any CPU
	EndGlobalSection
	GlobalSection(SolutionProperties) = preSolution
		HideSolutionNode = FALSE
	EndGlobalSection
	GlobalSection(ExtensibilityGlobals) = postSolution
		SolutionGuid = {A50685F1-2606-4709-B777-A3FAA9E5B2A3}
	EndGlobalSection
EndGlobal
